schema: '2.0'
stages:
  data_ingestion:
    cmd: python -m src.component.data_ingestion
    deps:
    - path: src/component/data_ingestion.py
      hash: md5
      md5: be569a3bd99e0162c6b42ac4dd980687
      size: 3452
    params:
      params.yaml:
        data_ingestion.test_size: 0.2
    outs:
    - path: artifacts/data_ingestion_data
      hash: md5
      md5: 5b313861f513c03e0cf59622b60e7528.dir
      size: 969679
      nfiles: 3
  data_preprocessing:
    cmd: python -m src.component.data_preprocessing
    deps:
    - path: artifacts/data_ingestion_data
      hash: md5
      md5: 5b313861f513c03e0cf59622b60e7528.dir
      size: 969679
      nfiles: 3
    - path: src/component/data_preprocessing.py
      hash: md5
      md5: ec92943bd933048e7d76da62b273fc82
      size: 4182
    outs:
    - path: artifacts/data_preprocessing_data
      hash: md5
      md5: 2acb28c7170bb26cea30997b88ab14aa.dir
      size: 261909
      nfiles: 2
  feature_engineering:
    cmd: python -m src.component.feature_engineering
    deps:
    - path: artifacts/data_preprocessing_data
      hash: md5
      md5: 2acb28c7170bb26cea30997b88ab14aa.dir
      size: 261909
      nfiles: 2
    - path: src/component/feature_engineering.py
      hash: md5
      md5: 3f1536808218aa8fdcf926fcfdcdb76e
      size: 3545
    params:
      params.yaml:
        feature_engineering.max_features: 35
    outs:
    - path: artifacts/feature_engineering_data
      hash: md5
      md5: 55210246bc3e54f40dd05cf6a5177e0b.dir
      size: 10981553
      nfiles: 2
  model_building:
    cmd: python -m src.component.model_building
    deps:
    - path: artifacts/feature_engineering_data
      hash: md5
      md5: 55210246bc3e54f40dd05cf6a5177e0b.dir
      size: 10981553
      nfiles: 2
    - path: src/component/model_building.py
      hash: md5
      md5: f66ed291f2716d1eeb4f6315a213ce3e
      size: 2478
    params:
      params.yaml:
        model_building.n_estimators: 22
        model_building.random_state: 2
    outs:
    - path: Final_model/model.pkl
      hash: md5
      md5: 1ab5244ccdc226ed266cccd745c29723
      size: 1578376
  model_evaluation:
    cmd: python -m src.component.model_evaluation
    deps:
    - path: Final_model/model.pkl
      hash: md5
      md5: 1ab5244ccdc226ed266cccd745c29723
      size: 1578376
    - path: src/component/model_evaluation.py
      hash: md5
      md5: a75d9b9ab3cde21b798635610d50ad38
      size: 2627
    outs:
    - path: reports/report.json
      hash: md5
      md5: 49925b2aeb93a1b5aaa7f74d27e52b14
      size: 145
