schema: '2.0'
stages:
  data_ingestion:
    cmd: python -m src.component.data_ingestion
    deps:
    - path: src/component/data_ingestion.py
      hash: md5
      md5: d76c47d5aa0650b4a548febfe852e5a8
      size: 2870
    outs:
    - path: artifacts/data_ingestion_data
      hash: md5
      md5: 5b313861f513c03e0cf59622b60e7528.dir
      size: 969679
      nfiles: 3
  data_preprocessing:
    cmd: python -m src.component.data_preprocessing
    deps:
    - path: artifacts/data_ingestion_data
      hash: md5
      md5: 5b313861f513c03e0cf59622b60e7528.dir
      size: 969679
      nfiles: 3
    - path: src/component/data_preprocessing.py
      hash: md5
      md5: f5451847a763b9bda10cfb03cde39128
      size: 3770
    outs:
    - path: artifacts/data_preprocessing_data
      hash: md5
      md5: 2acb28c7170bb26cea30997b88ab14aa.dir
      size: 261909
      nfiles: 2
  feature_engineering:
    cmd: python -m src.component.feature_engineering
    deps:
    - path: artifacts/data_preprocessing_data
      hash: md5
      md5: 2acb28c7170bb26cea30997b88ab14aa.dir
      size: 261909
      nfiles: 2
    - path: src/component/feature_engineering.py
      hash: md5
      md5: cca8f090a8c27c61aa1134abf853319b
      size: 2993
    outs:
    - path: artifacts/feature_engineering_data
      hash: md5
      md5: 55210246bc3e54f40dd05cf6a5177e0b.dir
      size: 10981553
      nfiles: 2
  model_building:
    cmd: python -m src.component.model_building
    deps:
    - path: artifacts/feature_engineering_data
      hash: md5
      md5: 55210246bc3e54f40dd05cf6a5177e0b.dir
      size: 10981553
      nfiles: 2
    - path: src/component/model_building.py
      hash: md5
      md5: afefa213a85a3beb8039d0ea59b57586
      size: 1950
    outs:
    - path: Final_model/model.pkl
      hash: md5
      md5: 1ab5244ccdc226ed266cccd745c29723
      size: 1578376
  model_evaluation:
    cmd: python -m src.component.model_evaluation
    deps:
    - path: Final_model/model.pkl
      hash: md5
      md5: 1ab5244ccdc226ed266cccd745c29723
      size: 1578376
    - path: src/component/model_evaluation.py
      hash: md5
      md5: a75d9b9ab3cde21b798635610d50ad38
      size: 2627
    outs:
    - path: reports/report.json
      hash: md5
      md5: 49925b2aeb93a1b5aaa7f74d27e52b14
      size: 145
